
Microsoft Visual Studio Solution File, Format Version 12.00
# Visual Studio Version 16
VisualStudioVersion = 16.0.29409.12
MinimumVisualStudioVersion = 10.0.40219.1
Project("{FAE04EC0-301F-11D3-BF4B-00C04F79EFBC}") = "3.1.2", "3.1.2\3.1.2.csproj", "{5000D354-EAFD-461F-A2CA-685C2E888289}"
EndProject
Project("{FAE04EC0-301F-11D3-BF4B-00C04F79EFBC}") = "3.1.3", "3.1.3\3.1.3.csproj", "{1C90DA70-97A2-4CD0-B593-D928E241B9CC}"
EndProject
Project("{FAE04EC0-301F-11D3-BF4B-00C04F79EFBC}") = "3.1.1", "3.1.1\3.1.1.csproj", "{D04DAEF2-570E-46DA-8B1F-F9FE1F445379}"
EndProject
Global
	GlobalSection(SolutionConfigurationPlatforms) = preSolution
		Debug|Any CPU = Debug|Any CPU
		Release|Any CPU = Release|Any CPU
	EndGlobalSection
	GlobalSection(ProjectConfigurationPlatforms) = postSolution
		{5000D354-EAFD-461F-A2CA-685C2E888289}.Debug|Any CPU.ActiveCfg = Debug|Any CPU
		{5000D354-EAFD-461F-A2CA-685C2E888289}.Debug|Any CPU.Build.0 = Debug|Any CPU
		{5000D354-EAFD-461F-A2CA-685C2E888289}.Release|Any CPU.ActiveCfg = Release|Any CPU
		{5000D354-EAFD-461F-A2CA-685C2E888289}.Release|Any CPU.Build.0 = Release|Any CPU
		{1C90DA70-97A2-4CD0-B593-D928E241B9CC}.Debug|Any CPU.ActiveCfg = Debug|Any CPU
		{1C90DA70-97A2-4CD0-B593-D928E241B9CC}.Debug|Any CPU.Build.0 = Debug|Any CPU
		{1C90DA70-97A2-4CD0-B593-D928E241B9CC}.Release|Any CPU.ActiveCfg = Release|Any CPU
		{1C90DA70-97A2-4CD0-B593-D928E241B9CC}.Release|Any CPU.Build.0 = Release|Any CPU
		{D04DAEF2-570E-46DA-8B1F-F9FE1F445379}.Debug|Any CPU.ActiveCfg = Debug|Any CPU
		{D04DAEF2-570E-46DA-8B1F-F9FE1F445379}.Debug|Any CPU.Build.0 = Debug|Any CPU
		{D04DAEF2-570E-46DA-8B1F-F9FE1F445379}.Release|Any CPU.ActiveCfg = Release|Any CPU
		{D04DAEF2-570E-46DA-8B1F-F9FE1F445379}.Release|Any CPU.Build.0 = Release|Any CPU
	EndGlobalSection
	GlobalSection(SolutionProperties) = preSolution
		HideSolutionNode = FALSE
	EndGlobalSection
	GlobalSection(ExtensibilityGlobals) = postSolution
		SolutionGuid = {54B38AD2-9B9E-435E-909D-6FBAA7C16E04}
	EndGlobalSection
EndGlobal
